// !$*UTF8*$!
{
	archiveVersion = 1;
	classes = {
	};
	objectVersion = 55;
	objects = {

/* Begin PBXBuildFile section */
		11329CFC27A88DE600E0C7D7 /* Colorize.swift in Sources */ = {isa = PBXBuildFile; fileRef = 11329CFB27A88DE600E0C7D7 /* Colorize.swift */; };
		11329CFE27A890C900E0C7D7 /* Portal.swift in Sources */ = {isa = PBXBuildFile; fileRef = 11329CFD27A890C900E0C7D7 /* Portal.swift */; };
		11329D0027A890D300E0C7D7 /* PortalManager.swift in Sources */ = {isa = PBXBuildFile; fileRef = 11329CFF27A890D300E0C7D7 /* PortalManager.swift */; };
		11329D0327A898F900E0C7D7 /* StarContactHandler.swift in Sources */ = {isa = PBXBuildFile; fileRef = 11329D0227A898F900E0C7D7 /* StarContactHandler.swift */; };
		11329D0527A8998700E0C7D7 /* PortalContactHandler.swift in Sources */ = {isa = PBXBuildFile; fileRef = 11329D0427A8998700E0C7D7 /* PortalContactHandler.swift */; };
		11329D0727A8B70A00E0C7D7 /* EntityManager.swift in Sources */ = {isa = PBXBuildFile; fileRef = 11329D0627A8B70A00E0C7D7 /* EntityManager.swift */; };
		1143A79527A349CC00075EE6 /* Background.swift in Sources */ = {isa = PBXBuildFile; fileRef = 1143A79427A349CC00075EE6 /* Background.swift */; };
		1143A79727A34A4B00075EE6 /* Game.swift in Sources */ = {isa = PBXBuildFile; fileRef = 1143A79627A34A4B00075EE6 /* Game.swift */; };
		1143A79927A34A7400075EE6 /* Entity.swift in Sources */ = {isa = PBXBuildFile; fileRef = 1143A79827A34A7400075EE6 /* Entity.swift */; };
		1143A79B27A3539800075EE6 /* Player.swift in Sources */ = {isa = PBXBuildFile; fileRef = 1143A79A27A3539800075EE6 /* Player.swift */; };
		1143A79D27A35A0000075EE6 /* Ground.swift in Sources */ = {isa = PBXBuildFile; fileRef = 1143A79C27A35A0000075EE6 /* Ground.swift */; };
		1143A79F27A3615B00075EE6 /* Depth.swift in Sources */ = {isa = PBXBuildFile; fileRef = 1143A79E27A3615B00075EE6 /* Depth.swift */; };
		1143A7A127A3623900075EE6 /* Star.swift in Sources */ = {isa = PBXBuildFile; fileRef = 1143A7A027A3623900075EE6 /* Star.swift */; };
		1143A7A327A362AC00075EE6 /* StarManager.swift in Sources */ = {isa = PBXBuildFile; fileRef = 1143A7A227A362AC00075EE6 /* StarManager.swift */; };
		11737CE127A33A77001BCF8E /* AppDelegate.swift in Sources */ = {isa = PBXBuildFile; fileRef = 11737CE027A33A77001BCF8E /* AppDelegate.swift */; };
		11737CE327A33A77001BCF8E /* SceneDelegate.swift in Sources */ = {isa = PBXBuildFile; fileRef = 11737CE227A33A77001BCF8E /* SceneDelegate.swift */; };
		11737CE527A33A78001BCF8E /* GameViewController.swift in Sources */ = {isa = PBXBuildFile; fileRef = 11737CE427A33A78001BCF8E /* GameViewController.swift */; };
		11737CEA27A33A7B001BCF8E /* Assets.xcassets in Resources */ = {isa = PBXBuildFile; fileRef = 11737CE927A33A7B001BCF8E /* Assets.xcassets */; };
		11737CED27A33A7B001BCF8E /* LaunchScreen.storyboard in Resources */ = {isa = PBXBuildFile; fileRef = 11737CEB27A33A7B001BCF8E /* LaunchScreen.storyboard */; };
		11737CF627A33B97001BCF8E /* Autolayout+Extensions.swift in Sources */ = {isa = PBXBuildFile; fileRef = 11737CF527A33B97001BCF8E /* Autolayout+Extensions.swift */; };
		11737CF827A33C57001BCF8E /* GameScene.swift in Sources */ = {isa = PBXBuildFile; fileRef = 11737CF727A33C57001BCF8E /* GameScene.swift */; };
		11737CFA27A33E5F001BCF8E /* GameState.swift in Sources */ = {isa = PBXBuildFile; fileRef = 11737CF927A33E5F001BCF8E /* GameState.swift */; };
		11CC1B4D27A462FD00300723 /* CollisionMasks.swift in Sources */ = {isa = PBXBuildFile; fileRef = 11CC1B4C27A462FD00300723 /* CollisionMasks.swift */; };
		11D6B86727AC47A100BD6303 /* Score.swift in Sources */ = {isa = PBXBuildFile; fileRef = 11D6B86627AC47A100BD6303 /* Score.swift */; };
		11D6B86927AC496900BD6303 /* ScoreManager.swift in Sources */ = {isa = PBXBuildFile; fileRef = 11D6B86827AC496900BD6303 /* ScoreManager.swift */; };
		11D6B86C27AC837100BD6303 /* StartScreenView.swift in Sources */ = {isa = PBXBuildFile; fileRef = 11D6B86B27AC837100BD6303 /* StartScreenView.swift */; };
		11D6B86F27AC839D00BD6303 /* CodedView.swift in Sources */ = {isa = PBXBuildFile; fileRef = 11D6B86E27AC839D00BD6303 /* CodedView.swift */; };
		11D6B87127AC961600BD6303 /* ScoreTracker.swift in Sources */ = {isa = PBXBuildFile; fileRef = 11D6B87027AC961600BD6303 /* ScoreTracker.swift */; };
		11D6B87327AC9AB700BD6303 /* GameOverView.swift in Sources */ = {isa = PBXBuildFile; fileRef = 11D6B87227AC9AB700BD6303 /* GameOverView.swift */; };
		11D6B87527ACA06D00BD6303 /* UIButtonConfiguration+Extensions.swift in Sources */ = {isa = PBXBuildFile; fileRef = 11D6B87427ACA06D00BD6303 /* UIButtonConfiguration+Extensions.swift */; };
		11D6B87727ACA72700BD6303 /* ScoreView.swift in Sources */ = {isa = PBXBuildFile; fileRef = 11D6B87627ACA72700BD6303 /* ScoreView.swift */; };
		11F6C27327A99CA7000D7687 /* Point.swift in Sources */ = {isa = PBXBuildFile; fileRef = 11F6C27227A99CA7000D7687 /* Point.swift */; };
		11F6C27527A9A117000D7687 /* PointSpawner.swift in Sources */ = {isa = PBXBuildFile; fileRef = 11F6C27427A9A117000D7687 /* PointSpawner.swift */; };
		11F6C27827A9A8E5000D7687 /* DoubleScoreZoneSpawner.swift in Sources */ = {isa = PBXBuildFile; fileRef = 11F6C27727A9A8E5000D7687 /* DoubleScoreZoneSpawner.swift */; };
		11F6C27C27A9B5C9000D7687 /* AmaticSC-Regular.ttf in Resources */ = {isa = PBXBuildFile; fileRef = 11F6C27A27A9B5C9000D7687 /* AmaticSC-Regular.ttf */; };
		11F6C27D27A9B5C9000D7687 /* AmaticSC-Bold.ttf in Resources */ = {isa = PBXBuildFile; fileRef = 11F6C27B27A9B5C9000D7687 /* AmaticSC-Bold.ttf */; };
		11F6C27F27A9B5D4000D7687 /* DepotNewCondensed-Regular.otf in Resources */ = {isa = PBXBuildFile; fileRef = 11F6C27E27A9B5D4000D7687 /* DepotNewCondensed-Regular.otf */; };
		11F6C28327A9B820000D7687 /* Colors.swift in Sources */ = {isa = PBXBuildFile; fileRef = 11F6C28227A9B820000D7687 /* Colors.swift */; };
		11F6C28727A9BE5E000D7687 /* Fonts.swift in Sources */ = {isa = PBXBuildFile; fileRef = 11F6C28627A9BE5E000D7687 /* Fonts.swift */; };
/* End PBXBuildFile section */

/* Begin PBXFileReference section */
		11329CFB27A88DE600E0C7D7 /* Colorize.swift */ = {isa = PBXFileReference; lastKnownFileType = sourcecode.swift; path = Colorize.swift; sourceTree = "<group>"; };
		11329CFD27A890C900E0C7D7 /* Portal.swift */ = {isa = PBXFileReference; lastKnownFileType = sourcecode.swift; path = Portal.swift; sourceTree = "<group>"; };
		11329CFF27A890D300E0C7D7 /* PortalManager.swift */ = {isa = PBXFileReference; lastKnownFileType = sourcecode.swift; path = PortalManager.swift; sourceTree = "<group>"; };
		11329D0227A898F900E0C7D7 /* StarContactHandler.swift */ = {isa = PBXFileReference; lastKnownFileType = sourcecode.swift; path = StarContactHandler.swift; sourceTree = "<group>"; };
		11329D0427A8998700E0C7D7 /* PortalContactHandler.swift */ = {isa = PBXFileReference; lastKnownFileType = sourcecode.swift; path = PortalContactHandler.swift; sourceTree = "<group>"; };
		11329D0627A8B70A00E0C7D7 /* EntityManager.swift */ = {isa = PBXFileReference; lastKnownFileType = sourcecode.swift; path = EntityManager.swift; sourceTree = "<group>"; };
		1143A79427A349CC00075EE6 /* Background.swift */ = {isa = PBXFileReference; lastKnownFileType = sourcecode.swift; path = Background.swift; sourceTree = "<group>"; };
		1143A79627A34A4B00075EE6 /* Game.swift */ = {isa = PBXFileReference; lastKnownFileType = sourcecode.swift; path = Game.swift; sourceTree = "<group>"; };
		1143A79827A34A7400075EE6 /* Entity.swift */ = {isa = PBXFileReference; lastKnownFileType = sourcecode.swift; path = Entity.swift; sourceTree = "<group>"; };
		1143A79A27A3539800075EE6 /* Player.swift */ = {isa = PBXFileReference; lastKnownFileType = sourcecode.swift; path = Player.swift; sourceTree = "<group>"; };
		1143A79C27A35A0000075EE6 /* Ground.swift */ = {isa = PBXFileReference; lastKnownFileType = sourcecode.swift; path = Ground.swift; sourceTree = "<group>"; };
		1143A79E27A3615B00075EE6 /* Depth.swift */ = {isa = PBXFileReference; lastKnownFileType = sourcecode.swift; path = Depth.swift; sourceTree = "<group>"; };
		1143A7A027A3623900075EE6 /* Star.swift */ = {isa = PBXFileReference; lastKnownFileType = sourcecode.swift; path = Star.swift; sourceTree = "<group>"; };
		1143A7A227A362AC00075EE6 /* StarManager.swift */ = {isa = PBXFileReference; lastKnownFileType = sourcecode.swift; path = StarManager.swift; sourceTree = "<group>"; };
		11737CDD27A33A77001BCF8E /* slippers.app */ = {isa = PBXFileReference; explicitFileType = wrapper.application; includeInIndex = 0; path = slippers.app; sourceTree = BUILT_PRODUCTS_DIR; };
		11737CE027A33A77001BCF8E /* AppDelegate.swift */ = {isa = PBXFileReference; lastKnownFileType = sourcecode.swift; path = AppDelegate.swift; sourceTree = "<group>"; };
		11737CE227A33A77001BCF8E /* SceneDelegate.swift */ = {isa = PBXFileReference; lastKnownFileType = sourcecode.swift; path = SceneDelegate.swift; sourceTree = "<group>"; };
		11737CE427A33A78001BCF8E /* GameViewController.swift */ = {isa = PBXFileReference; lastKnownFileType = sourcecode.swift; path = GameViewController.swift; sourceTree = "<group>"; };
		11737CE927A33A7B001BCF8E /* Assets.xcassets */ = {isa = PBXFileReference; lastKnownFileType = folder.assetcatalog; path = Assets.xcassets; sourceTree = "<group>"; };
		11737CEC27A33A7B001BCF8E /* Base */ = {isa = PBXFileReference; lastKnownFileType = file.storyboard; name = Base; path = Base.lproj/LaunchScreen.storyboard; sourceTree = "<group>"; };
		11737CEE27A33A7B001BCF8E /* Info.plist */ = {isa = PBXFileReference; lastKnownFileType = text.plist.xml; path = Info.plist; sourceTree = "<group>"; };
		11737CF527A33B97001BCF8E /* Autolayout+Extensions.swift */ = {isa = PBXFileReference; lastKnownFileType = sourcecode.swift; path = "Autolayout+Extensions.swift"; sourceTree = "<group>"; };
		11737CF727A33C57001BCF8E /* GameScene.swift */ = {isa = PBXFileReference; lastKnownFileType = sourcecode.swift; path = GameScene.swift; sourceTree = "<group>"; };
		11737CF927A33E5F001BCF8E /* GameState.swift */ = {isa = PBXFileReference; lastKnownFileType = sourcecode.swift; path = GameState.swift; sourceTree = "<group>"; };
		11CC1B4C27A462FD00300723 /* CollisionMasks.swift */ = {isa = PBXFileReference; lastKnownFileType = sourcecode.swift; path = CollisionMasks.swift; sourceTree = "<group>"; };
		11D6B86627AC47A100BD6303 /* Score.swift */ = {isa = PBXFileReference; lastKnownFileType = sourcecode.swift; path = Score.swift; sourceTree = "<group>"; };
		11D6B86827AC496900BD6303 /* ScoreManager.swift */ = {isa = PBXFileReference; lastKnownFileType = sourcecode.swift; path = ScoreManager.swift; sourceTree = "<group>"; };
		11D6B86B27AC837100BD6303 /* StartScreenView.swift */ = {isa = PBXFileReference; lastKnownFileType = sourcecode.swift; path = StartScreenView.swift; sourceTree = "<group>"; };
		11D6B86E27AC839D00BD6303 /* CodedView.swift */ = {isa = PBXFileReference; lastKnownFileType = sourcecode.swift; path = CodedView.swift; sourceTree = "<group>"; };
		11D6B87027AC961600BD6303 /* ScoreTracker.swift */ = {isa = PBXFileReference; lastKnownFileType = sourcecode.swift; path = ScoreTracker.swift; sourceTree = "<group>"; };
		11D6B87227AC9AB700BD6303 /* GameOverView.swift */ = {isa = PBXFileReference; lastKnownFileType = sourcecode.swift; path = GameOverView.swift; sourceTree = "<group>"; };
		11D6B87427ACA06D00BD6303 /* UIButtonConfiguration+Extensions.swift */ = {isa = PBXFileReference; lastKnownFileType = sourcecode.swift; path = "UIButtonConfiguration+Extensions.swift"; sourceTree = "<group>"; };
		11D6B87627ACA72700BD6303 /* ScoreView.swift */ = {isa = PBXFileReference; lastKnownFileType = sourcecode.swift; path = ScoreView.swift; sourceTree = "<group>"; };
		11F6C27227A99CA7000D7687 /* Point.swift */ = {isa = PBXFileReference; lastKnownFileType = sourcecode.swift; path = Point.swift; sourceTree = "<group>"; };
		11F6C27427A9A117000D7687 /* PointSpawner.swift */ = {isa = PBXFileReference; lastKnownFileType = sourcecode.swift; path = PointSpawner.swift; sourceTree = "<group>"; };
		11F6C27727A9A8E5000D7687 /* DoubleScoreZoneSpawner.swift */ = {isa = PBXFileReference; lastKnownFileType = sourcecode.swift; path = DoubleScoreZoneSpawner.swift; sourceTree = "<group>"; };
		11F6C27A27A9B5C9000D7687 /* AmaticSC-Regular.ttf */ = {isa = PBXFileReference; lastKnownFileType = file; path = "AmaticSC-Regular.ttf"; sourceTree = "<group>"; };
		11F6C27B27A9B5C9000D7687 /* AmaticSC-Bold.ttf */ = {isa = PBXFileReference; lastKnownFileType = file; path = "AmaticSC-Bold.ttf"; sourceTree = "<group>"; };
		11F6C27E27A9B5D4000D7687 /* DepotNewCondensed-Regular.otf */ = {isa = PBXFileReference; lastKnownFileType = file; path = "DepotNewCondensed-Regular.otf"; sourceTree = "<group>"; };
		11F6C28227A9B820000D7687 /* Colors.swift */ = {isa = PBXFileReference; lastKnownFileType = sourcecode.swift; path = Colors.swift; sourceTree = "<group>"; };
		11F6C28627A9BE5E000D7687 /* Fonts.swift */ = {isa = PBXFileReference; lastKnownFileType = sourcecode.swift; path = Fonts.swift; sourceTree = "<group>"; };
/* End PBXFileReference section */

/* Begin PBXFrameworksBuildPhase section */
		11737CDA27A33A77001BCF8E /* Frameworks */ = {
			isa = PBXFrameworksBuildPhase;
			buildActionMask = 2147483647;
			files = (
			);
			runOnlyForDeploymentPostprocessing = 0;
		};
/* End PBXFrameworksBuildPhase section */

/* Begin PBXGroup section */
		11329CF627A88D4A00E0C7D7 /* Application */ = {
			isa = PBXGroup;
			children = (
				11737CE027A33A77001BCF8E /* AppDelegate.swift */,
				11737CE227A33A77001BCF8E /* SceneDelegate.swift */,
				11737CEB27A33A7B001BCF8E /* LaunchScreen.storyboard */,
			);
			path = Application;
			sourceTree = "<group>";
		};
		11329CF827A88D7000E0C7D7 /* HUD */ = {
			isa = PBXGroup;
			children = (
				11D6B86A27AC836000BD6303 /* Views */,
				11737CF927A33E5F001BCF8E /* GameState.swift */,
				11737CE427A33A78001BCF8E /* GameViewController.swift */,
				11737CF727A33C57001BCF8E /* GameScene.swift */,
			);
			path = HUD;
			sourceTree = "<group>";
		};
		11329CF927A88D8500E0C7D7 /* Game */ = {
			isa = PBXGroup;
			children = (
				1143A79627A34A4B00075EE6 /* Game.swift */,
				11329CFB27A88DE600E0C7D7 /* Colorize.swift */,
				11D6B87027AC961600BD6303 /* ScoreTracker.swift */,
			);
			path = Game;
			sourceTree = "<group>";
		};
		11329CFA27A88D9600E0C7D7 /* Entities */ = {
			isa = PBXGroup;
			children = (
				1143A79427A349CC00075EE6 /* Background.swift */,
				1143A79827A34A7400075EE6 /* Entity.swift */,
				1143A79A27A3539800075EE6 /* Player.swift */,
				1143A79C27A35A0000075EE6 /* Ground.swift */,
				1143A7A027A3623900075EE6 /* Star.swift */,
				11329CFD27A890C900E0C7D7 /* Portal.swift */,
				11F6C27227A99CA7000D7687 /* Point.swift */,
				11D6B86627AC47A100BD6303 /* Score.swift */,
			);
			path = Entities;
			sourceTree = "<group>";
		};
		11329D0127A898E700E0C7D7 /* ContactHandler */ = {
			isa = PBXGroup;
			children = (
				11329D0227A898F900E0C7D7 /* StarContactHandler.swift */,
				11329D0427A8998700E0C7D7 /* PortalContactHandler.swift */,
			);
			path = ContactHandler;
			sourceTree = "<group>";
		};
		11329D0827A8B70D00E0C7D7 /* Managers */ = {
			isa = PBXGroup;
			children = (
				11329D0627A8B70A00E0C7D7 /* EntityManager.swift */,
				1143A7A227A362AC00075EE6 /* StarManager.swift */,
				11329CFF27A890D300E0C7D7 /* PortalManager.swift */,
				11D6B86827AC496900BD6303 /* ScoreManager.swift */,
			);
			path = Managers;
			sourceTree = "<group>";
		};
		11737CD427A33A77001BCF8E = {
			isa = PBXGroup;
			children = (
				11737CDF27A33A77001BCF8E /* slippers */,
				11737CDE27A33A77001BCF8E /* Products */,
			);
			sourceTree = "<group>";
		};
		11737CDE27A33A77001BCF8E /* Products */ = {
			isa = PBXGroup;
			children = (
				11737CDD27A33A77001BCF8E /* slippers.app */,
			);
			name = Products;
			sourceTree = "<group>";
		};
		11737CDF27A33A77001BCF8E /* slippers */ = {
			isa = PBXGroup;
			children = (
				11737CE927A33A7B001BCF8E /* Assets.xcassets */,
				11F6C28027A9B805000D7687 /* DesignSystem */,
				11329D0827A8B70D00E0C7D7 /* Managers */,
				11329D0127A898E700E0C7D7 /* ContactHandler */,
				11737CEE27A33A7B001BCF8E /* Info.plist */,
				11F6C27627A9A8CD000D7687 /* Spawners */,
				11329CFA27A88D9600E0C7D7 /* Entities */,
				11329CF927A88D8500E0C7D7 /* Game */,
				11329CF827A88D7000E0C7D7 /* HUD */,
				11329CF627A88D4A00E0C7D7 /* Application */,
				11737CF427A33B84001BCF8E /* Utils */,
			);
			path = slippers;
			sourceTree = "<group>";
		};
		11737CF427A33B84001BCF8E /* Utils */ = {
			isa = PBXGroup;
			children = (
				11D6B86D27AC838300BD6303 /* UI */,
				1143A79E27A3615B00075EE6 /* Depth.swift */,
				11CC1B4C27A462FD00300723 /* CollisionMasks.swift */,
			);
			path = Utils;
			sourceTree = "<group>";
		};
		11D6B86A27AC836000BD6303 /* Views */ = {
			isa = PBXGroup;
			children = (
				11D6B86B27AC837100BD6303 /* StartScreenView.swift */,
				11D6B87227AC9AB700BD6303 /* GameOverView.swift */,
				11D6B87627ACA72700BD6303 /* ScoreView.swift */,
			);
			path = Views;
			sourceTree = "<group>";
		};
		11D6B86D27AC838300BD6303 /* UI */ = {
			isa = PBXGroup;
			children = (
				11737CF527A33B97001BCF8E /* Autolayout+Extensions.swift */,
				11D6B86E27AC839D00BD6303 /* CodedView.swift */,
				11D6B87427ACA06D00BD6303 /* UIButtonConfiguration+Extensions.swift */,
			);
			path = UI;
			sourceTree = "<group>";
		};
		11F6C27627A9A8CD000D7687 /* Spawners */ = {
			isa = PBXGroup;
			children = (
				11F6C27427A9A117000D7687 /* PointSpawner.swift */,
				11F6C27727A9A8E5000D7687 /* DoubleScoreZoneSpawner.swift */,
			);
			path = Spawners;
			sourceTree = "<group>";
		};
		11F6C27927A9B590000D7687 /* Fonts */ = {
			isa = PBXGroup;
			children = (
				11F6C27E27A9B5D4000D7687 /* DepotNewCondensed-Regular.otf */,
				11F6C27B27A9B5C9000D7687 /* AmaticSC-Bold.ttf */,
				11F6C27A27A9B5C9000D7687 /* AmaticSC-Regular.ttf */,
			);
			path = Fonts;
			sourceTree = "<group>";
		};
		11F6C28027A9B805000D7687 /* DesignSystem */ = {
			isa = PBXGroup;
			children = (
				11F6C27927A9B590000D7687 /* Fonts */,
				11F6C28227A9B820000D7687 /* Colors.swift */,
				11F6C28627A9BE5E000D7687 /* Fonts.swift */,
			);
			path = DesignSystem;
			sourceTree = "<group>";
		};
/* End PBXGroup section */

/* Begin PBXNativeTarget section */
		11737CDC27A33A77001BCF8E /* slippers */ = {
			isa = PBXNativeTarget;
			buildConfigurationList = 11737CF127A33A7B001BCF8E /* Build configuration list for PBXNativeTarget "slippers" */;
			buildPhases = (
				11737CD927A33A77001BCF8E /* Sources */,
				11737CDA27A33A77001BCF8E /* Frameworks */,
				11737CDB27A33A77001BCF8E /* Resources */,
			);
			buildRules = (
			);
			dependencies = (
			);
			name = slippers;
			productName = slippers;
			productReference = 11737CDD27A33A77001BCF8E /* slippers.app */;
			productType = "com.apple.product-type.application";
		};
/* End PBXNativeTarget section */

/* Begin PBXProject section */
		11737CD527A33A77001BCF8E /* Project object */ = {
			isa = PBXProject;
			attributes = {
				BuildIndependentTargetsInParallel = 1;
				LastSwiftUpdateCheck = 1320;
				LastUpgradeCheck = 1320;
				TargetAttributes = {
					11737CDC27A33A77001BCF8E = {
						CreatedOnToolsVersion = 13.2.1;
					};
				};
			};
			buildConfigurationList = 11737CD827A33A77001BCF8E /* Build configuration list for PBXProject "slippers" */;
			compatibilityVersion = "Xcode 13.0";
			developmentRegion = en;
			hasScannedForEncodings = 0;
			knownRegions = (
				en,
				Base,
			);
			mainGroup = 11737CD427A33A77001BCF8E;
			productRefGroup = 11737CDE27A33A77001BCF8E /* Products */;
			projectDirPath = "";
			projectRoot = "";
			targets = (
				11737CDC27A33A77001BCF8E /* slippers */,
			);
		};
/* End PBXProject section */

/* Begin PBXResourcesBuildPhase section */
		11737CDB27A33A77001BCF8E /* Resources */ = {
			isa = PBXResourcesBuildPhase;
			buildActionMask = 2147483647;
			files = (
				11F6C27D27A9B5C9000D7687 /* AmaticSC-Bold.ttf in Resources */,
				11737CED27A33A7B001BCF8E /* LaunchScreen.storyboard in Resources */,
				11737CEA27A33A7B001BCF8E /* Assets.xcassets in Resources */,
				11F6C27F27A9B5D4000D7687 /* DepotNewCondensed-Regular.otf in Resources */,
				11F6C27C27A9B5C9000D7687 /* AmaticSC-Regular.ttf in Resources */,
			);
			runOnlyForDeploymentPostprocessing = 0;
		};
/* End PBXResourcesBuildPhase section */

/* Begin PBXSourcesBuildPhase section */
		11737CD927A33A77001BCF8E /* Sources */ = {
			isa = PBXSourcesBuildPhase;
			buildActionMask = 2147483647;
			files = (
				11329D0327A898F900E0C7D7 /* StarContactHandler.swift in Sources */,
				11329D0527A8998700E0C7D7 /* PortalContactHandler.swift in Sources */,
				11F6C28727A9BE5E000D7687 /* Fonts.swift in Sources */,
				11D6B87727ACA72700BD6303 /* ScoreView.swift in Sources */,
				11329CFC27A88DE600E0C7D7 /* Colorize.swift in Sources */,
				11329D0027A890D300E0C7D7 /* PortalManager.swift in Sources */,
				11D6B87527ACA06D00BD6303 /* UIButtonConfiguration+Extensions.swift in Sources */,
				11737CF827A33C57001BCF8E /* GameScene.swift in Sources */,
				1143A7A127A3623900075EE6 /* Star.swift in Sources */,
				11D6B86727AC47A100BD6303 /* Score.swift in Sources */,
				11F6C28327A9B820000D7687 /* Colors.swift in Sources */,
				11329CFE27A890C900E0C7D7 /* Portal.swift in Sources */,
				1143A79527A349CC00075EE6 /* Background.swift in Sources */,
				11329D0727A8B70A00E0C7D7 /* EntityManager.swift in Sources */,
				11737CF627A33B97001BCF8E /* Autolayout+Extensions.swift in Sources */,
				11F6C27827A9A8E5000D7687 /* DoubleScoreZoneSpawner.swift in Sources */,
				11737CE527A33A78001BCF8E /* GameViewController.swift in Sources */,
				11F6C27527A9A117000D7687 /* PointSpawner.swift in Sources */,
				11737CFA27A33E5F001BCF8E /* GameState.swift in Sources */,
				1143A79927A34A7400075EE6 /* Entity.swift in Sources */,
				1143A7A327A362AC00075EE6 /* StarManager.swift in Sources */,
				11D6B87127AC961600BD6303 /* ScoreTracker.swift in Sources */,
				11737CE127A33A77001BCF8E /* AppDelegate.swift in Sources */,
				11D6B86927AC496900BD6303 /* ScoreManager.swift in Sources */,
				11737CE327A33A77001BCF8E /* SceneDelegate.swift in Sources */,
				1143A79B27A3539800075EE6 /* Player.swift in Sources */,
				11D6B86C27AC837100BD6303 /* StartScreenView.swift in Sources */,
				1143A79727A34A4B00075EE6 /* Game.swift in Sources */,
				11F6C27327A99CA7000D7687 /* Point.swift in Sources */,
				1143A79D27A35A0000075EE6 /* Ground.swift in Sources */,
				11CC1B4D27A462FD00300723 /* CollisionMasks.swift in Sources */,
				11D6B86F27AC839D00BD6303 /* CodedView.swift in Sources */,
				11D6B87327AC9AB700BD6303 /* GameOverView.swift in Sources */,
				1143A79F27A3615B00075EE6 /* Depth.swift in Sources */,
			);
			runOnlyForDeploymentPostprocessing = 0;
		};
/* End PBXSourcesBuildPhase section */

/* Begin PBXVariantGroup section */
		11737CEB27A33A7B001BCF8E /* LaunchScreen.storyboard */ = {
			isa = PBXVariantGroup;
			children = (
				11737CEC27A33A7B001BCF8E /* Base */,
			);
			name = LaunchScreen.storyboard;
			sourceTree = "<group>";
		};
/* End PBXVariantGroup section */

/* Begin XCBuildConfiguration section */
		11737CEF27A33A7B001BCF8E /* Debug */ = {
			isa = XCBuildConfiguration;
			buildSettings = {
				ALWAYS_SEARCH_USER_PATHS = NO;
				CLANG_ANALYZER_NONNULL = YES;
				CLANG_ANALYZER_NUMBER_OBJECT_CONVERSION = YES_AGGRESSIVE;
				CLANG_CXX_LANGUAGE_STANDARD = "gnu++17";
				CLANG_CXX_LIBRARY = "libc++";
				CLANG_ENABLE_MODULES = YES;
				CLANG_ENABLE_OBJC_ARC = YES;
				CLANG_ENABLE_OBJC_WEAK = YES;
				CLANG_WARN_BLOCK_CAPTURE_AUTORELEASING = YES;
				CLANG_WARN_BOOL_CONVERSION = YES;
				CLANG_WARN_COMMA = YES;
				CLANG_WARN_CONSTANT_CONVERSION = YES;
				CLANG_WARN_DEPRECATED_OBJC_IMPLEMENTATIONS = YES;
				CLANG_WARN_DIRECT_OBJC_ISA_USAGE = YES_ERROR;
				CLANG_WARN_DOCUMENTATION_COMMENTS = YES;
				CLANG_WARN_EMPTY_BODY = YES;
				CLANG_WARN_ENUM_CONVERSION = YES;
				CLANG_WARN_INFINITE_RECURSION = YES;
				CLANG_WARN_INT_CONVERSION = YES;
				CLANG_WARN_NON_LITERAL_NULL_CONVERSION = YES;
				CLANG_WARN_OBJC_IMPLICIT_RETAIN_SELF = YES;
				CLANG_WARN_OBJC_LITERAL_CONVERSION = YES;
				CLANG_WARN_OBJC_ROOT_CLASS = YES_ERROR;
				CLANG_WARN_QUOTED_INCLUDE_IN_FRAMEWORK_HEADER = YES;
				CLANG_WARN_RANGE_LOOP_ANALYSIS = YES;
				CLANG_WARN_STRICT_PROTOTYPES = YES;
				CLANG_WARN_SUSPICIOUS_MOVE = YES;
				CLANG_WARN_UNGUARDED_AVAILABILITY = YES_AGGRESSIVE;
				CLANG_WARN_UNREACHABLE_CODE = YES;
				CLANG_WARN__DUPLICATE_METHOD_MATCH = YES;
				COPY_PHASE_STRIP = NO;
				DEBUG_INFORMATION_FORMAT = dwarf;
				ENABLE_STRICT_OBJC_MSGSEND = YES;
				ENABLE_TESTABILITY = YES;
				GCC_C_LANGUAGE_STANDARD = gnu11;
				GCC_DYNAMIC_NO_PIC = NO;
				GCC_NO_COMMON_BLOCKS = YES;
				GCC_OPTIMIZATION_LEVEL = 0;
				GCC_PREPROCESSOR_DEFINITIONS = (
					"DEBUG=1",
					"$(inherited)",
				);
				GCC_WARN_64_TO_32_BIT_CONVERSION = YES;
				GCC_WARN_ABOUT_RETURN_TYPE = YES_ERROR;
				GCC_WARN_UNDECLARED_SELECTOR = YES;
				GCC_WARN_UNINITIALIZED_AUTOS = YES_AGGRESSIVE;
				GCC_WARN_UNUSED_FUNCTION = YES;
				GCC_WARN_UNUSED_VARIABLE = YES;
				IPHONEOS_DEPLOYMENT_TARGET = 15.2;
				MTL_ENABLE_DEBUG_INFO = INCLUDE_SOURCE;
				MTL_FAST_MATH = YES;
				ONLY_ACTIVE_ARCH = YES;
				SDKROOT = iphoneos;
				SWIFT_ACTIVE_COMPILATION_CONDITIONS = DEBUG;
				SWIFT_OPTIMIZATION_LEVEL = "-Onone";
			};
			name = Debug;
		};
		11737CF027A33A7B001BCF8E /* Release */ = {
			isa = XCBuildConfiguration;
			buildSettings = {
				ALWAYS_SEARCH_USER_PATHS = NO;
				CLANG_ANALYZER_NONNULL = YES;
				CLANG_ANALYZER_NUMBER_OBJECT_CONVERSION = YES_AGGRESSIVE;
				CLANG_CXX_LANGUAGE_STANDARD = "gnu++17";
				CLANG_CXX_LIBRARY = "libc++";
				CLANG_ENABLE_MODULES = YES;
				CLANG_ENABLE_OBJC_ARC = YES;
				CLANG_ENABLE_OBJC_WEAK = YES;
				CLANG_WARN_BLOCK_CAPTURE_AUTORELEASING = YES;
				CLANG_WARN_BOOL_CONVERSION = YES;
				CLANG_WARN_COMMA = YES;
				CLANG_WARN_CONSTANT_CONVERSION = YES;
				CLANG_WARN_DEPRECATED_OBJC_IMPLEMENTATIONS = YES;
				CLANG_WARN_DIRECT_OBJC_ISA_USAGE = YES_ERROR;
				CLANG_WARN_DOCUMENTATION_COMMENTS = YES;
				CLANG_WARN_EMPTY_BODY = YES;
				CLANG_WARN_ENUM_CONVERSION = YES;
				CLANG_WARN_INFINITE_RECURSION = YES;
				CLANG_WARN_INT_CONVERSION = YES;
				CLANG_WARN_NON_LITERAL_NULL_CONVERSION = YES;
				CLANG_WARN_OBJC_IMPLICIT_RETAIN_SELF = YES;
				CLANG_WARN_OBJC_LITERAL_CONVERSION = YES;
				CLANG_WARN_OBJC_ROOT_CLASS = YES_ERROR;
				CLANG_WARN_QUOTED_INCLUDE_IN_FRAMEWORK_HEADER = YES;
				CLANG_WARN_RANGE_LOOP_ANALYSIS = YES;
				CLANG_WARN_STRICT_PROTOTYPES = YES;
				CLANG_WARN_SUSPICIOUS_MOVE = YES;
				CLANG_WARN_UNGUARDED_AVAILABILITY = YES_AGGRESSIVE;
				CLANG_WARN_UNREACHABLE_CODE = YES;
				CLANG_WARN__DUPLICATE_METHOD_MATCH = YES;
				COPY_PHASE_STRIP = NO;
				DEBUG_INFORMATION_FORMAT = "dwarf-with-dsym";
				ENABLE_NS_ASSERTIONS = NO;
				ENABLE_STRICT_OBJC_MSGSEND = YES;
				GCC_C_LANGUAGE_STANDARD = gnu11;
				GCC_NO_COMMON_BLOCKS = YES;
				GCC_WARN_64_TO_32_BIT_CONVERSION = YES;
				GCC_WARN_ABOUT_RETURN_TYPE = YES_ERROR;
				GCC_WARN_UNDECLARED_SELECTOR = YES;
				GCC_WARN_UNINITIALIZED_AUTOS = YES_AGGRESSIVE;
				GCC_WARN_UNUSED_FUNCTION = YES;
				GCC_WARN_UNUSED_VARIABLE = YES;
				IPHONEOS_DEPLOYMENT_TARGET = 15.2;
				MTL_ENABLE_DEBUG_INFO = NO;
				MTL_FAST_MATH = YES;
				SDKROOT = iphoneos;
				SWIFT_COMPILATION_MODE = wholemodule;
				SWIFT_OPTIMIZATION_LEVEL = "-O";
				VALIDATE_PRODUCT = YES;
			};
			name = Release;
		};
		11737CF227A33A7B001BCF8E /* Debug */ = {
			isa = XCBuildConfiguration;
			buildSettings = {
				ASSETCATALOG_COMPILER_APPICON_NAME = AppIcon;
				ASSETCATALOG_COMPILER_GLOBAL_ACCENT_COLOR_NAME = AccentColor;
				CODE_SIGN_STYLE = Automatic;
				CURRENT_PROJECT_VERSION = 3;
				DEVELOPMENT_TEAM = UL74FQ825B;
				GENERATE_INFOPLIST_FILE = YES;
				INFOPLIST_FILE = slippers/Info.plist;
				INFOPLIST_KEY_CFBundleDisplayName = "Niji Jump";
				INFOPLIST_KEY_UIApplicationSupportsIndirectInputEvents = YES;
				INFOPLIST_KEY_UILaunchStoryboardName = LaunchScreen;
				INFOPLIST_KEY_UISupportedInterfaceOrientations_iPad = "UIInterfaceOrientationPortrait UIInterfaceOrientationPortraitUpsideDown UIInterfaceOrientationLandscapeLeft UIInterfaceOrientationLandscapeRight";
				INFOPLIST_KEY_UISupportedInterfaceOrientations_iPhone = "UIInterfaceOrientationPortrait UIInterfaceOrientationLandscapeLeft UIInterfaceOrientationLandscapeRight";
				LD_RUNPATH_SEARCH_PATHS = (
					"$(inherited)",
					"@executable_path/Frameworks",
				);
				MARKETING_VERSION = 1.0;
				PRODUCT_BUNDLE_IDENTIFIER = cc.nimidesign.nijijump;
				PRODUCT_NAME = "$(TARGET_NAME)";
				SWIFT_EMIT_LOC_STRINGS = YES;
				SWIFT_VERSION = 5.0;
				TARGETED_DEVICE_FAMILY = "1,2";
			};
			name = Debug;
		};
		11737CF327A33A7B001BCF8E /* Release */ = {
			isa = XCBuildConfiguration;
			buildSettings = {
				ASSETCATALOG_COMPILER_APPICON_NAME = AppIcon;
				ASSETCATALOG_COMPILER_GLOBAL_ACCENT_COLOR_NAME = AccentColor;
				CODE_SIGN_STYLE = Automatic;
				CURRENT_PROJECT_VERSION = 3;
				DEVELOPMENT_TEAM = UL74FQ825B;
				GENERATE_INFOPLIST_FILE = YES;
				INFOPLIST_FILE = slippers/Info.plist;
				INFOPLIST_KEY_CFBundleDisplayName = "Niji Jump";
				INFOPLIST_KEY_UIApplicationSupportsIndirectInputEvents = YES;
				INFOPLIST_KEY_UILaunchStoryboardName = LaunchScreen;
				INFOPLIST_KEY_UISupportedInterfaceOrientations_iPad = "UIInterfaceOrientationPortrait UIInterfaceOrientationPortraitUpsideDown UIInterfaceOrientationLandscapeLeft UIInterfaceOrientationLandscapeRight";
				INFOPLIST_KEY_UISupportedInterfaceOrientations_iPhone = "UIInterfaceOrientationPortrait UIInterfaceOrientationLandscapeLeft UIInterfaceOrientationLandscapeRight";
				LD_RUNPATH_SEARCH_PATHS = (
					"$(inherited)",
					"@executable_path/Frameworks",
				);
				MARKETING_VERSION = 1.0;
				PRODUCT_BUNDLE_IDENTIFIER = cc.nimidesign.nijijump;
				PRODUCT_NAME = "$(TARGET_NAME)";
				SWIFT_EMIT_LOC_STRINGS = YES;
				SWIFT_VERSION = 5.0;
				TARGETED_DEVICE_FAMILY = "1,2";
			};
			name = Release;
		};
/* End XCBuildConfiguration section */

/* Begin XCConfigurationList section */
		11737CD827A33A77001BCF8E /* Build configuration list for PBXProject "slippers" */ = {
			isa = XCConfigurationList;
			buildConfigurations = (
				11737CEF27A33A7B001BCF8E /* Debug */,
				11737CF027A33A7B001BCF8E /* Release */,
			);
			defaultConfigurationIsVisible = 0;
			defaultConfigurationName = Release;
		};
		11737CF127A33A7B001BCF8E /* Build configuration list for PBXNativeTarget "slippers" */ = {
			isa = XCConfigurationList;
			buildConfigurations = (
				11737CF227A33A7B001BCF8E /* Debug */,
				11737CF327A33A7B001BCF8E /* Release */,
			);
			defaultConfigurationIsVisible = 0;
			defaultConfigurationName = Release;
		};
/* End XCConfigurationList section */
	};
	rootObject = 11737CD527A33A77001BCF8E /* Project object */;
}
